{
    "name": "weather-rss",
    "version": "1.0.0",
    "lockfileVersion": 2,
    "requires": true,
    "packages": {
        "": {
            "name": "weather-rss",
            "version": "1.0.0",
            "license": "ISC",
            "dependencies": {
                "@types/node": "^16.11.6",
                "axios": "^0.24.0",
                "dotenv": "^10.0.0",
                "fast-xml-parser": "^3.21.1",
                "rss-parser": "^3.12.0"
            },
            "devDependencies": {
                "@types/dotenv": "^8.2.0"
            }
        },
        "node_modules/@types/dotenv": {
            "version": "8.2.0",
            "resolved": "https://registry.npmjs.org/@types/dotenv/-/dotenv-8.2.0.tgz",
            "integrity": "sha512-ylSC9GhfRH7m1EUXBXofhgx4lUWmFeQDINW5oLuS+gxWdfUeW4zJdeVTYVkexEW+e2VUvlZR2kGnGGipAWR7kw==",
            "deprecated": "This is a stub types definition. dotenv provides its own type definitions, so you do not need this installed.",
            "dev": true,
            "dependencies": {
                "dotenv": "*"
            }
        },
        "node_modules/@types/node": {
            "version": "16.11.6",
            "resolved": "https://registry.npmjs.org/@types/node/-/node-16.11.6.tgz",
            "integrity": "sha512-ua7PgUoeQFjmWPcoo9khiPum3Pd60k4/2ZGXt18sm2Slk0W0xZTqt5Y0Ny1NyBiN1EVQ/+FaF9NcY4Qe6rwk5w=="
        },
        "node_modules/axios": {
            "version": "0.24.0",
            "resolved": "https://registry.npmjs.org/axios/-/axios-0.24.0.tgz",
            "integrity": "sha512-Q6cWsys88HoPgAaFAVUb0WpPk0O8iTeisR9IMqy9G8AbO4NlpVknrnQS03zzF9PGAWgO3cgletO3VjV/P7VztA==",
            "dependencies": {
                "follow-redirects": "^1.14.4"
            }
        },
        "node_modules/dotenv": {
            "version": "10.0.0",
            "resolved": "https://registry.npmjs.org/dotenv/-/dotenv-10.0.0.tgz",
            "integrity": "sha512-rlBi9d8jpv9Sf1klPjNfFAuWDjKLwTIJJ/VxtoTwIR6hnZxcEOQCZg2oIL3MWBYw5GpUDKOEnND7LXTbIpQ03Q==",
            "engines": {
                "node": ">=10"
            }
        },
        "node_modules/entities": {
            "version": "2.2.0",
            "resolved": "https://registry.npmjs.org/entities/-/entities-2.2.0.tgz",
            "integrity": "sha512-p92if5Nz619I0w+akJrLZH0MX0Pb5DX39XOwQTtXSdQQOaYH03S1uIQp4mhOZtAXrxq4ViO67YTiLBo2638o9A==",
            "funding": {
                "url": "https://github.com/fb55/entities?sponsor=1"
            }
        },
        "node_modules/fast-xml-parser": {
            "version": "3.21.1",
            "resolved": "https://registry.npmjs.org/fast-xml-parser/-/fast-xml-parser-3.21.1.tgz",
            "integrity": "sha512-FTFVjYoBOZTJekiUsawGsSYV9QL0A+zDYCRj7y34IO6Jg+2IMYEtQa+bbictpdpV8dHxXywqU7C0gRDEOFtBFg==",
            "dependencies": {
                "strnum": "^1.0.4"
            },
            "bin": {
                "xml2js": "cli.js"
            },
            "funding": {
                "type": "paypal",
                "url": "https://paypal.me/naturalintelligence"
            }
        },
        "node_modules/follow-redirects": {
            "version": "1.14.5",
            "resolved": "https://registry.npmjs.org/follow-redirects/-/follow-redirects-1.14.5.tgz",
            "integrity": "sha512-wtphSXy7d4/OR+MvIFbCVBDzZ5520qV8XfPklSN5QtxuMUJZ+b0Wnst1e1lCDocfzuCkHqj8k0FpZqO+UIaKNA==",
            "funding": [
                {
                    "type": "individual",
                    "url": "https://github.com/sponsors/RubenVerborgh"
                }
            ],
            "engines": {
                "node": ">=4.0"
            },
            "peerDependenciesMeta": {
                "debug": {
                    "optional": true
                }
            }
        },
        "node_modules/rss-parser": {
            "version": "3.12.0",
            "resolved": "https://registry.npmjs.org/rss-parser/-/rss-parser-3.12.0.tgz",
            "integrity": "sha512-aqD3E8iavcCdkhVxNDIdg1nkBI17jgqF+9OqPS1orwNaOgySdpvq6B+DoONLhzjzwV8mWg37sb60e4bmLK117A==",
            "dependencies": {
                "entities": "^2.0.3",
                "xml2js": "^0.4.19"
            }
        },
        "node_modules/sax": {
            "version": "1.2.4",
            "resolved": "https://registry.npmjs.org/sax/-/sax-1.2.4.tgz",
            "integrity": "sha512-NqVDv9TpANUjFm0N8uM5GxL36UgKi9/atZw+x7YFnQ8ckwFGKrl4xX4yWtrey3UJm5nP1kUbnYgLopqWNSRhWw=="
        },
        "node_modules/strnum": {
            "version": "1.0.4",
            "resolved": "https://registry.npmjs.org/strnum/-/strnum-1.0.4.tgz",
            "integrity": "sha512-lMzNMfDpaQOLt4B2mEbfzYS0+T7dvCXeojnlGf6f1AygvWDMcWyXYaLbyICfjVu29sErR8fnRagQfBW/N/hGgw=="
        },
        "node_modules/xml2js": {
            "version": "0.4.23",
            "resolved": "https://registry.npmjs.org/xml2js/-/xml2js-0.4.23.tgz",
            "integrity": "sha512-ySPiMjM0+pLDftHgXY4By0uswI3SPKLDw/i3UXbnO8M/p28zqexCUoPmQFrYD+/1BzhGJSs2i1ERWKJAtiLrug==",
            "dependencies": {
                "sax": ">=0.6.0",
                "xmlbuilder": "~11.0.0"
            },
            "engines": {
                "node": ">=4.0.0"
            }
        },
        "node_modules/xmlbuilder": {
            "version": "11.0.1",
            "resolved": "https://registry.npmjs.org/xmlbuilder/-/xmlbuilder-11.0.1.tgz",
            "integrity": "sha512-fDlsI/kFEx7gLvbecc0/ohLG50fugQp8ryHzMTuW9vSa1GJ0XYWKnhsUx7oie3G98+r56aTQIUB4kht42R3JvA==",
            "engines": {
                "node": ">=4.0"
            }
        }
    },
    "dependencies": {
        "@types/dotenv": {
            "version": "8.2.0",
            "resolved": "https://registry.npmjs.org/@types/dotenv/-/dotenv-8.2.0.tgz",
            "integrity": "sha512-ylSC9GhfRH7m1EUXBXofhgx4lUWmFeQDINW5oLuS+gxWdfUeW4zJdeVTYVkexEW+e2VUvlZR2kGnGGipAWR7kw==",
            "dev": true,
            "requires": {
                "dotenv": "*"
            }
        },
        "@types/node": {
            "version": "16.11.6",
            "resolved": "https://registry.npmjs.org/@types/node/-/node-16.11.6.tgz",
            "integrity": "sha512-ua7PgUoeQFjmWPcoo9khiPum3Pd60k4/2ZGXt18sm2Slk0W0xZTqt5Y0Ny1NyBiN1EVQ/+FaF9NcY4Qe6rwk5w=="
        },
        "axios": {
            "version": "0.24.0",
            "resolved": "https://registry.npmjs.org/axios/-/axios-0.24.0.tgz",
            "integrity": "sha512-Q6cWsys88HoPgAaFAVUb0WpPk0O8iTeisR9IMqy9G8AbO4NlpVknrnQS03zzF9PGAWgO3cgletO3VjV/P7VztA==",
            "requires": {
                "follow-redirects": "^1.14.4"
            }
        },
        "dotenv": {
            "version": "10.0.0",
            "resolved": "https://registry.npmjs.org/dotenv/-/dotenv-10.0.0.tgz",
            "integrity": "sha512-rlBi9d8jpv9Sf1klPjNfFAuWDjKLwTIJJ/VxtoTwIR6hnZxcEOQCZg2oIL3MWBYw5GpUDKOEnND7LXTbIpQ03Q=="
        },
        "entities": {
            "version": "2.2.0",
            "resolved": "https://registry.npmjs.org/entities/-/entities-2.2.0.tgz",
            "integrity": "sha512-p92if5Nz619I0w+akJrLZH0MX0Pb5DX39XOwQTtXSdQQOaYH03S1uIQp4mhOZtAXrxq4ViO67YTiLBo2638o9A=="
        },
        "fast-xml-parser": {
            "version": "3.21.1",
            "resolved": "https://registry.npmjs.org/fast-xml-parser/-/fast-xml-parser-3.21.1.tgz",
            "integrity": "sha512-FTFVjYoBOZTJekiUsawGsSYV9QL0A+zDYCRj7y34IO6Jg+2IMYEtQa+bbictpdpV8dHxXywqU7C0gRDEOFtBFg==",
            "requires": {
                "strnum": "^1.0.4"
            }
        },
        "follow-redirects": {
            "version": "1.14.5",
            "resolved": "https://registry.npmjs.org/follow-redirects/-/follow-redirects-1.14.5.tgz",
            "integrity": "sha512-wtphSXy7d4/OR+MvIFbCVBDzZ5520qV8XfPklSN5QtxuMUJZ+b0Wnst1e1lCDocfzuCkHqj8k0FpZqO+UIaKNA=="
        },
        "rss-parser": {
            "version": "3.12.0",
            "resolved": "https://registry.npmjs.org/rss-parser/-/rss-parser-3.12.0.tgz",
            "integrity": "sha512-aqD3E8iavcCdkhVxNDIdg1nkBI17jgqF+9OqPS1orwNaOgySdpvq6B+DoONLhzjzwV8mWg37sb60e4bmLK117A==",
            "requires": {
                "entities": "^2.0.3",
                "xml2js": "^0.4.19"
            }
        },
        "sax": {
            "version": "1.2.4",
            "resolved": "https://registry.npmjs.org/sax/-/sax-1.2.4.tgz",
            "integrity": "sha512-NqVDv9TpANUjFm0N8uM5GxL36UgKi9/atZw+x7YFnQ8ckwFGKrl4xX4yWtrey3UJm5nP1kUbnYgLopqWNSRhWw=="
        },
        "strnum": {
            "version": "1.0.4",
            "resolved": "https://registry.npmjs.org/strnum/-/strnum-1.0.4.tgz",
            "integrity": "sha512-lMzNMfDpaQOLt4B2mEbfzYS0+T7dvCXeojnlGf6f1AygvWDMcWyXYaLbyICfjVu29sErR8fnRagQfBW/N/hGgw=="
        },
        "xml2js": {
            "version": "0.4.23",
            "resolved": "https://registry.npmjs.org/xml2js/-/xml2js-0.4.23.tgz",
            "integrity": "sha512-ySPiMjM0+pLDftHgXY4By0uswI3SPKLDw/i3UXbnO8M/p28zqexCUoPmQFrYD+/1BzhGJSs2i1ERWKJAtiLrug==",
            "requires": {
                "sax": ">=0.6.0",
                "xmlbuilder": "~11.0.0"
            }
        },
        "xmlbuilder": {
            "version": "11.0.1",
            "resolved": "https://registry.npmjs.org/xmlbuilder/-/xmlbuilder-11.0.1.tgz",
            "integrity": "sha512-fDlsI/kFEx7gLvbecc0/ohLG50fugQp8ryHzMTuW9vSa1GJ0XYWKnhsUx7oie3G98+r56aTQIUB4kht42R3JvA=="
        }
    }
}
